
Microsoft Visual Studio Solution File, Format Version 12.00
# Visual Studio 15
VisualStudioVersion = 15.0.27130.2003
MinimumVisualStudioVersion = 10.0.40219.1
Project("{FAE04EC0-301F-11D3-BF4B-00C04F79EFBC}") = "LetsTravelApp.DataAccessLayer", "LetsTravelApp.DataAccessLayer\LetsTravelApp.DataAccessLayer.csproj", "{1A14C5CF-369C-47D7-87A2-DDADDFDEAA22}"
EndProject
Project("{FAE04EC0-301F-11D3-BF4B-00C04F79EFBC}") = "LetsTravelApp.Backend", "LetsTravelApp.Backend\LetsTravelApp.Backend.csproj", "{33B82080-EE67-44CF-AF2B-80E63DB8973A}"
EndProject
Project("{FAE04EC0-301F-11D3-BF4B-00C04F79EFBC}") = "LetsTravel.Backend.Tests", "LetsTravel.Backend.Tests\LetsTravel.Backend.Tests.csproj", "{1D229DBF-A07B-423C-B028-9FFBCA9EA02A}"
EndProject
Global
	GlobalSection(SolutionConfigurationPlatforms) = preSolution
		Debug|Any CPU = Debug|Any CPU
		Release|Any CPU = Release|Any CPU
	EndGlobalSection
	GlobalSection(ProjectConfigurationPlatforms) = postSolution
		{1A14C5CF-369C-47D7-87A2-DDADDFDEAA22}.Debug|Any CPU.ActiveCfg = Debug|Any CPU
		{1A14C5CF-369C-47D7-87A2-DDADDFDEAA22}.Debug|Any CPU.Build.0 = Debug|Any CPU
		{1A14C5CF-369C-47D7-87A2-DDADDFDEAA22}.Release|Any CPU.ActiveCfg = Release|Any CPU
		{1A14C5CF-369C-47D7-87A2-DDADDFDEAA22}.Release|Any CPU.Build.0 = Release|Any CPU
		{33B82080-EE67-44CF-AF2B-80E63DB8973A}.Debug|Any CPU.ActiveCfg = Debug|Any CPU
		{33B82080-EE67-44CF-AF2B-80E63DB8973A}.Debug|Any CPU.Build.0 = Debug|Any CPU
		{33B82080-EE67-44CF-AF2B-80E63DB8973A}.Release|Any CPU.ActiveCfg = Release|Any CPU
		{33B82080-EE67-44CF-AF2B-80E63DB8973A}.Release|Any CPU.Build.0 = Release|Any CPU
		{1D229DBF-A07B-423C-B028-9FFBCA9EA02A}.Debug|Any CPU.ActiveCfg = Debug|Any CPU
		{1D229DBF-A07B-423C-B028-9FFBCA9EA02A}.Debug|Any CPU.Build.0 = Debug|Any CPU
		{1D229DBF-A07B-423C-B028-9FFBCA9EA02A}.Release|Any CPU.ActiveCfg = Release|Any CPU
		{1D229DBF-A07B-423C-B028-9FFBCA9EA02A}.Release|Any CPU.Build.0 = Release|Any CPU
	EndGlobalSection
	GlobalSection(SolutionProperties) = preSolution
		HideSolutionNode = FALSE
	EndGlobalSection
	GlobalSection(ExtensibilityGlobals) = postSolution
		SolutionGuid = {52B2F00B-09DD-488F-927F-7BB02F9F0E07}
	EndGlobalSection
EndGlobal
